Microsoft Visual Studio Solution File, Format Version 12.00
# Visual Studio Version 17
VisualStudioVersion = 17.5.2.0
MinimumVisualStudioVersion = 10.0.40219.1
Project("{FAE04EC0-301F-11D3-BF4B-00C04F79EFBC}") = "PFXImportPS", "PFXImportPS.csproj", "{C42E69B8-BA18-A13F-0E37-BE1469D4DDB2}"
EndProject
Global
	GlobalSection(SolutionConfigurationPlatforms) = preSolution
		Debug|Any CPU = Debug|Any CPU
		Release|Any CPU = Release|Any CPU
	EndGlobalSection
	GlobalSection(ProjectConfigurationPlatforms) = postSolution
		{C42E69B8-BA18-A13F-0E37-BE1469D4DDB2}.Debug|Any CPU.ActiveCfg = Debug|Any CPU
		{C42E69B8-BA18-A13F-0E37-BE1469D4DDB2}.Debug|Any CPU.Build.0 = Debug|Any CPU
		{C42E69B8-BA18-A13F-0E37-BE1469D4DDB2}.Release|Any CPU.ActiveCfg = Release|Any CPU
		{C42E69B8-BA18-A13F-0E37-BE1469D4DDB2}.Release|Any CPU.Build.0 = Release|Any CPU
	EndGlobalSection
	GlobalSection(SolutionProperties) = preSolution
		HideSolutionNode = FALSE
	EndGlobalSection
	GlobalSection(ExtensibilityGlobals) = postSolution
		SolutionGuid = {B665BE3D-929A-44EE-A9FB-D19BE420E199}
	EndGlobalSection
EndGlobal
